
Microsoft Visual Studio Solution File, Format Version 12.00
# Visual Studio Version 17
VisualStudioVersion = 17.5.001.0
MinimumVisualStudioVersion = 10.0.40219.1
Project("{9A19103F-16F7-4668-BE54-9A1E7A4F7556}") = "Descendiente Capicua", "Descendiente Capicua.csproj", "{3578D9C9-1CDF-4F34-8449-42DCBBF7203A}"
EndProject
Global
	GlobalSection(SolutionConfigurationPlatforms) = preSolution
		Debug|Any CPU = Debug|Any CPU
		Release|Any CPU = Release|Any CPU
	EndGlobalSection
	GlobalSection(ProjectConfigurationPlatforms) = postSolution
		{3578D9C9-1CDF-4F34-8449-42DCBBF7203A}.Debug|Any CPU.ActiveCfg = Debug|Any CPU
		{3578D9C9-1CDF-4F34-8449-42DCBBF7203A}.Debug|Any CPU.Build.0 = Debug|Any CPU
		{3578D9C9-1CDF-4F34-8449-42DCBBF7203A}.Release|Any CPU.ActiveCfg = Release|Any CPU
		{3578D9C9-1CDF-4F34-8449-42DCBBF7203A}.Release|Any CPU.Build.0 = Release|Any CPU
	EndGlobalSection
	GlobalSection(SolutionProperties) = preSolution
		HideSolutionNode = FALSE
	EndGlobalSection
	GlobalSection(ExtensibilityGlobals) = postSolution
		SolutionGuid = {F243FB75-07F5-423D-A874-DFC92A380A4E}
	EndGlobalSection
EndGlobal
